{
  "name": "stream-csv-as-json",
  "version": "2.1.0",
  "lockfileVersion": 3,
  "requires": true,
  "packages": {
    "": {
      "name": "stream-csv-as-json",
      "version": "2.1.0",
      "license": "BSD-3-Clause",
      "dependencies": {
        "stream-chain": "^3.6.2",
        "stream-json": "^2.1.0"
      },
      "devDependencies": {
        "@types/node": "^25.7.0",
        "prettier": "^3.8.3",
        "tape-six": "^1.9.0",
        "tape-six-proc": "^1.2.9",
        "typescript": "^6.0.3"
      },
      "funding": {
        "url": "https://github.com/sponsors/uhop"
      }
    },
    "node_modules/@types/node": {
      "version": "25.7.0",
      "resolved": "https://registry.npmjs.org/@types/node/-/node-25.7.0.tgz",
      "integrity": "sha512-z+pdZyxE+RTQE9AcboAZCb4otwcrvgHD+GlBpPgn0emDVt0ohrTMhAwlr2Wd9nZ+nihhYFxO2pThz3C5qSu2Eg==",
      "dev": true,
      "license": "MIT",
      "dependencies": {
        "undici-types": "~7.21.0"
      }
    },
    "node_modules/dollar-shell": {
      "version": "1.1.14",
      "resolved": "https://registry.npmjs.org/dollar-shell/-/dollar-shell-1.1.14.tgz",
      "integrity": "sha512-vtAL469EE7rSNC/O6enlGUmncQdILnYoAhXfdH71VUf5ZlXuPnSIP201inuMHUMDLoTG/GVVwgUmvjJdrEZppQ==",
      "dev": true,
      "license": "BSD-3-Clause",
      "funding": {
        "type": "github",
        "url": "https://github.com/sponsors/uhop"
      }
    },
    "node_modules/prettier": {
      "version": "3.8.3",
      "resolved": "https://registry.npmjs.org/prettier/-/prettier-3.8.3.tgz",
      "integrity": "sha512-7igPTM53cGHMW8xWuVTydi2KO233VFiTNyF5hLJqpilHfmn8C8gPf+PS7dUT64YcXFbiMGZxS9pCSxL/Dxm/Jw==",
      "dev": true,
      "license": "MIT",
      "bin": {
        "prettier": "bin/prettier.cjs"
      },
      "engines": {
        "node": ">=14"
      },
      "funding": {
        "url": "https://github.com/prettier/prettier?sponsor=1"
      }
    },
    "node_modules/stream-chain": {
      "version": "3.6.2",
      "resolved": "https://registry.npmjs.org/stream-chain/-/stream-chain-3.6.2.tgz",
      "integrity": "sha512-MRUXdH/Fcv2I95WSkPthvpxGsuKeBpr50UXcP5Z3ncWafYxrWelMTVI3G7vJFABCs1ipoTPCN3J13ZcLpymrtA==",
      "license": "BSD-3-Clause",
      "funding": {
        "url": "https://github.com/sponsors/uhop"
      }
    },
    "node_modules/stream-json": {
      "version": "2.1.0",
      "resolved": "https://registry.npmjs.org/stream-json/-/stream-json-2.1.0.tgz",
      "integrity": "sha512-9gV/ywtebMn3DdKnNKYCb9iESvgR1dHbucNV+bRGvdvy+jV4c9FFgYKmENhpKv58jSwvs90Wk80RhfKk1KxHPg==",
      "license": "BSD-3-Clause",
      "dependencies": {
        "stream-chain": "^3.6.1"
      },
      "funding": {
        "url": "https://github.com/sponsors/uhop"
      }
    },
    "node_modules/tape-six": {
      "version": "1.9.0",
      "resolved": "https://registry.npmjs.org/tape-six/-/tape-six-1.9.0.tgz",
      "integrity": "sha512-llhE99BetGQHmeDkjgjVzGasSVkiVYMYncCWWT9RLjr+hmY1vomJHLJfkR1OXl8wSkO26/xpUX37BGcYEBtelw==",
      "dev": true,
      "license": "BSD-3-Clause",
      "bin": {
        "tape6": "bin/tape6.js",
        "tape6-bun": "bin/tape6-bun.js",
        "tape6-deno": "bin/tape6-deno.js",
        "tape6-node": "bin/tape6-node.js",
        "tape6-runner": "bin/tape6-runner.js",
        "tape6-seq": "bin/tape6-seq.js",
        "tape6-server": "bin/tape6-server.js"
      },
      "funding": {
        "url": "https://github.com/sponsors/uhop"
      }
    },
    "node_modules/tape-six-proc": {
      "version": "1.2.9",
      "resolved": "https://registry.npmjs.org/tape-six-proc/-/tape-six-proc-1.2.9.tgz",
      "integrity": "sha512-CZTTRjK+6YIvOXubItjcTqTgmvza73uEx6YhU6F0qmF7AvwrApjzuqvsiJcQ256RwdyXWbta2kHBozu82tPGFA==",
      "dev": true,
      "license": "BSD-3-Clause",
      "dependencies": {
        "dollar-shell": "^1.1.14",
        "tape-six": "^1.9.0"
      },
      "bin": {
        "tape6-proc": "bin/tape6-proc.js"
      },
      "funding": {
        "url": "https://github.com/sponsors/uhop"
      }
    },
    "node_modules/typescript": {
      "version": "6.0.3",
      "resolved": "https://registry.npmjs.org/typescript/-/typescript-6.0.3.tgz",
      "integrity": "sha512-y2TvuxSZPDyQakkFRPZHKFm+KKVqIisdg9/CZwm9ftvKXLP8NRWj38/ODjNbr43SsoXqNuAisEf1GdCxqWcdBw==",
      "dev": true,
      "license": "Apache-2.0",
      "bin": {
        "tsc": "bin/tsc",
        "tsserver": "bin/tsserver"
      },
      "engines": {
        "node": ">=14.17"
      }
    },
    "node_modules/undici-types": {
      "version": "7.21.0",
      "resolved": "https://registry.npmjs.org/undici-types/-/undici-types-7.21.0.tgz",
      "integrity": "sha512-w9IMgQrz4O0YN1LtB7K5P63vhlIOvC7opSmouCJ+ZywlPAlO9gIkJ+otk6LvGpAs2wg4econaCz3TvQ9xPoyuQ==",
      "dev": true,
      "license": "MIT"
    }
  }
}
